
Microsoft Visual Studio Solution File, Format Version 12.00
# Visual Studio Version 17
VisualStudioVersion = 17.4.33110.190
MinimumVisualStudioVersion = 10.0.40219.1
Project("{FAE04EC0-301F-11D3-BF4B-00C04F79EFBC}") = "Aula15", "Aula15\Aula15.csproj", "{DF1B5363-0B57-461C-84FB-8E26D6D8E7DD}"
EndProject
Global
	GlobalSection(SolutionConfigurationPlatforms) = preSolution
		Debug|Any CPU = Debug|Any CPU
		Release|Any CPU = Release|Any CPU
	EndGlobalSection
	GlobalSection(ProjectConfigurationPlatforms) = postSolution
		{DF1B5363-0B57-461C-84FB-8E26D6D8E7DD}.Debug|Any CPU.ActiveCfg = Debug|Any CPU
		{DF1B5363-0B57-461C-84FB-8E26D6D8E7DD}.Debug|Any CPU.Build.0 = Debug|Any CPU
		{DF1B5363-0B57-461C-84FB-8E26D6D8E7DD}.Release|Any CPU.ActiveCfg = Release|Any CPU
		{DF1B5363-0B57-461C-84FB-8E26D6D8E7DD}.Release|Any CPU.Build.0 = Release|Any CPU
	EndGlobalSection
	GlobalSection(SolutionProperties) = preSolution
		HideSolutionNode = FALSE
	EndGlobalSection
	GlobalSection(ExtensibilityGlobals) = postSolution
		SolutionGuid = {E4177719-10E2-4251-A499-6637B21CB528}
	EndGlobalSection
EndGlobal
