
Microsoft Visual Studio Solution File, Format Version 12.00
# Visual Studio Version 17
<<<<<<< HEAD
VisualStudioVersion = 17.7.34003.232
MinimumVisualStudioVersion = 10.0.40219.1
Project("{FAE04EC0-301F-11D3-BF4B-00C04F79EFBC}") = "Gabriel_Souza_DR2_AT_CS", "Gabriel_Souza_DR2_AT_CS\Gabriel_Souza_DR2_AT_CS.csproj", "{5489BD27-B592-46E1-8750-62ECC6C040DF}"
=======
VisualStudioVersion = 17.4.33110.190
MinimumVisualStudioVersion = 10.0.40219.1
Project("{FAE04EC0-301F-11D3-BF4B-00C04F79EFBC}") = "Gabriel_Souza_DR2_AT_CS", "Gabriel_Souza_DR2_AT_CS\Gabriel_Souza_DR2_AT_CS.csproj", "{420918BB-3BD8-4483-B393-B7CF9CDFEAD2}"
>>>>>>> 126d92ddeb9e8b903d4f62e3176f116585e815da
EndProject
Global
	GlobalSection(SolutionConfigurationPlatforms) = preSolution
		Debug|Any CPU = Debug|Any CPU
		Release|Any CPU = Release|Any CPU
	EndGlobalSection
	GlobalSection(ProjectConfigurationPlatforms) = postSolution
<<<<<<< HEAD
		{5489BD27-B592-46E1-8750-62ECC6C040DF}.Debug|Any CPU.ActiveCfg = Debug|Any CPU
		{5489BD27-B592-46E1-8750-62ECC6C040DF}.Debug|Any CPU.Build.0 = Debug|Any CPU
		{5489BD27-B592-46E1-8750-62ECC6C040DF}.Release|Any CPU.ActiveCfg = Release|Any CPU
		{5489BD27-B592-46E1-8750-62ECC6C040DF}.Release|Any CPU.Build.0 = Release|Any CPU
=======
		{420918BB-3BD8-4483-B393-B7CF9CDFEAD2}.Debug|Any CPU.ActiveCfg = Debug|Any CPU
		{420918BB-3BD8-4483-B393-B7CF9CDFEAD2}.Debug|Any CPU.Build.0 = Debug|Any CPU
		{420918BB-3BD8-4483-B393-B7CF9CDFEAD2}.Release|Any CPU.ActiveCfg = Release|Any CPU
		{420918BB-3BD8-4483-B393-B7CF9CDFEAD2}.Release|Any CPU.Build.0 = Release|Any CPU
>>>>>>> 126d92ddeb9e8b903d4f62e3176f116585e815da
	EndGlobalSection
	GlobalSection(SolutionProperties) = preSolution
		HideSolutionNode = FALSE
	EndGlobalSection
	GlobalSection(ExtensibilityGlobals) = postSolution
<<<<<<< HEAD
		SolutionGuid = {B2DEE4CB-84D8-4E4A-A611-2FAFD02CE51F}
=======
		SolutionGuid = {F0113DA3-7946-4036-BB5E-9EED9FED33AF}
>>>>>>> 126d92ddeb9e8b903d4f62e3176f116585e815da
	EndGlobalSection
EndGlobal
