
Microsoft Visual Studio Solution File, Format Version 12.00
# Visual Studio Version 17
VisualStudioVersion = 17.8.34309.116
MinimumVisualStudioVersion = 10.0.40219.1
Project("{FAE04EC0-301F-11D3-BF4B-00C04F79EFBC}") = "Aula07.1_WebApp", "Aula07.1_WebApp\Aula07.1_WebApp.csproj", "{5DB78617-6B26-4367-98C3-74047EB78C55}"
EndProject
Global
	GlobalSection(SolutionConfigurationPlatforms) = preSolution
		Debug|Any CPU = Debug|Any CPU
		Release|Any CPU = Release|Any CPU
	EndGlobalSection
	GlobalSection(ProjectConfigurationPlatforms) = postSolution
		{5DB78617-6B26-4367-98C3-74047EB78C55}.Debug|Any CPU.ActiveCfg = Debug|Any CPU
		{5DB78617-6B26-4367-98C3-74047EB78C55}.Debug|Any CPU.Build.0 = Debug|Any CPU
		{5DB78617-6B26-4367-98C3-74047EB78C55}.Release|Any CPU.ActiveCfg = Release|Any CPU
		{5DB78617-6B26-4367-98C3-74047EB78C55}.Release|Any CPU.Build.0 = Release|Any CPU
	EndGlobalSection
	GlobalSection(SolutionProperties) = preSolution
		HideSolutionNode = FALSE
	EndGlobalSection
	GlobalSection(ExtensibilityGlobals) = postSolution
		SolutionGuid = {ED4D5979-1B44-402D-8456-431B4DC339A2}
	EndGlobalSection
EndGlobal
