
Microsoft Visual Studio Solution File, Format Version 12.00
# Visual Studio Version 17
VisualStudioVersion = 17.8.34309.116
MinimumVisualStudioVersion = 10.0.40219.1
Project("{FAE04EC0-301F-11D3-BF4B-00C04F79EFBC}") = "InfnetMVC", "InfnetMVC\InfnetMVC.csproj", "{6B59C97B-C605-48B8-9FF0-E4A14091354B}"
EndProject
Global
	GlobalSection(SolutionConfigurationPlatforms) = preSolution
		Debug|Any CPU = Debug|Any CPU
		Release|Any CPU = Release|Any CPU
	EndGlobalSection
	GlobalSection(ProjectConfigurationPlatforms) = postSolution
		{6B59C97B-C605-48B8-9FF0-E4A14091354B}.Debug|Any CPU.ActiveCfg = Debug|Any CPU
		{6B59C97B-C605-48B8-9FF0-E4A14091354B}.Debug|Any CPU.Build.0 = Debug|Any CPU
		{6B59C97B-C605-48B8-9FF0-E4A14091354B}.Release|Any CPU.ActiveCfg = Release|Any CPU
		{6B59C97B-C605-48B8-9FF0-E4A14091354B}.Release|Any CPU.Build.0 = Release|Any CPU
	EndGlobalSection
	GlobalSection(SolutionProperties) = preSolution
		HideSolutionNode = FALSE
	EndGlobalSection
	GlobalSection(ExtensibilityGlobals) = postSolution
		SolutionGuid = {50D96683-DF46-4955-A999-6AB9191DE887}
	EndGlobalSection
EndGlobal
