
Microsoft Visual Studio Solution File, Format Version 12.00
# Visual Studio Version 17
VisualStudioVersion = 17.4.33213.308
MinimumVisualStudioVersion = 10.0.40219.1
Project("{FAE04EC0-301F-11D3-BF4B-00C04F79EFBC}") = "CalculadoraOO", "CalculadoraOO\CalculadoraOO.csproj", "{8A970B11-5B2A-41DD-B914-FE757B71CEE6}"
EndProject
Global
	GlobalSection(SolutionConfigurationPlatforms) = preSolution
		Debug|Any CPU = Debug|Any CPU
		Release|Any CPU = Release|Any CPU
	EndGlobalSection
	GlobalSection(ProjectConfigurationPlatforms) = postSolution
		{8A970B11-5B2A-41DD-B914-FE757B71CEE6}.Debug|Any CPU.ActiveCfg = Debug|Any CPU
		{8A970B11-5B2A-41DD-B914-FE757B71CEE6}.Debug|Any CPU.Build.0 = Debug|Any CPU
		{8A970B11-5B2A-41DD-B914-FE757B71CEE6}.Release|Any CPU.ActiveCfg = Release|Any CPU
		{8A970B11-5B2A-41DD-B914-FE757B71CEE6}.Release|Any CPU.Build.0 = Release|Any CPU
	EndGlobalSection
	GlobalSection(SolutionProperties) = preSolution
		HideSolutionNode = FALSE
	EndGlobalSection
	GlobalSection(ExtensibilityGlobals) = postSolution
		SolutionGuid = {526435B1-A64C-4F7D-B11F-EDEA762D7379}
	EndGlobalSection
EndGlobal
