
Microsoft Visual Studio Solution File, Format Version 12.00
# Visual Studio Version 17
VisualStudioVersion = 17.8.34309.116
MinimumVisualStudioVersion = 10.0.40219.1
Project("{FAE04EC0-301F-11D3-BF4B-00C04F79EFBC}") = "InfnetWebApp", "InfnetWebApp\InfnetWebApp.csproj", "{314B4B73-FE5A-48B4-BDAB-A013B9222097}"
EndProject
Global
	GlobalSection(SolutionConfigurationPlatforms) = preSolution
		Debug|Any CPU = Debug|Any CPU
		Release|Any CPU = Release|Any CPU
	EndGlobalSection
	GlobalSection(ProjectConfigurationPlatforms) = postSolution
		{314B4B73-FE5A-48B4-BDAB-A013B9222097}.Debug|Any CPU.ActiveCfg = Debug|Any CPU
		{314B4B73-FE5A-48B4-BDAB-A013B9222097}.Debug|Any CPU.Build.0 = Debug|Any CPU
		{314B4B73-FE5A-48B4-BDAB-A013B9222097}.Release|Any CPU.ActiveCfg = Release|Any CPU
		{314B4B73-FE5A-48B4-BDAB-A013B9222097}.Release|Any CPU.Build.0 = Release|Any CPU
	EndGlobalSection
	GlobalSection(SolutionProperties) = preSolution
		HideSolutionNode = FALSE
	EndGlobalSection
	GlobalSection(ExtensibilityGlobals) = postSolution
		SolutionGuid = {A1906065-BDA1-4E74-8DD8-FC59EC833044}
	EndGlobalSection
EndGlobal
