
Microsoft Visual Studio Solution File, Format Version 12.00
# Visual Studio Version 17
VisualStudioVersion = 17.7.34003.232
MinimumVisualStudioVersion = 10.0.40219.1
Project("{FAE04EC0-301F-11D3-BF4B-00C04F79EFBC}") = "Gabriel_Souza_DR2_AT_CS", "Gabriel_Souza_DR2_AT_CS\Gabriel_Souza_DR2_AT_CS.csproj", "{B9ACA33A-D7A2-41AD-B02A-CF0CDEC71DAD}"
EndProject
Global
	GlobalSection(SolutionConfigurationPlatforms) = preSolution
		Debug|Any CPU = Debug|Any CPU
		Release|Any CPU = Release|Any CPU
	EndGlobalSection
	GlobalSection(ProjectConfigurationPlatforms) = postSolution
		{B9ACA33A-D7A2-41AD-B02A-CF0CDEC71DAD}.Debug|Any CPU.ActiveCfg = Debug|Any CPU
		{B9ACA33A-D7A2-41AD-B02A-CF0CDEC71DAD}.Debug|Any CPU.Build.0 = Debug|Any CPU
		{B9ACA33A-D7A2-41AD-B02A-CF0CDEC71DAD}.Release|Any CPU.ActiveCfg = Release|Any CPU
		{B9ACA33A-D7A2-41AD-B02A-CF0CDEC71DAD}.Release|Any CPU.Build.0 = Release|Any CPU
	EndGlobalSection
	GlobalSection(SolutionProperties) = preSolution
		HideSolutionNode = FALSE
	EndGlobalSection
	GlobalSection(ExtensibilityGlobals) = postSolution
		SolutionGuid = {538FDA12-4804-47D6-B67C-C057E4277965}
	EndGlobalSection
EndGlobal
