
Microsoft Visual Studio Solution File, Format Version 12.00
# Visual Studio Version 17
VisualStudioVersion = 17.7.34003.232
MinimumVisualStudioVersion = 10.0.40219.1
Project("{FAE04EC0-301F-11D3-BF4B-00C04F79EFBC}") = "Aula05.1", "Aula05.1\Aula05.1.csproj", "{05F220AB-C132-4A27-BC41-9C9CA083AB76}"
EndProject
Global
	GlobalSection(SolutionConfigurationPlatforms) = preSolution
		Debug|Any CPU = Debug|Any CPU
		Release|Any CPU = Release|Any CPU
	EndGlobalSection
	GlobalSection(ProjectConfigurationPlatforms) = postSolution
		{05F220AB-C132-4A27-BC41-9C9CA083AB76}.Debug|Any CPU.ActiveCfg = Debug|Any CPU
		{05F220AB-C132-4A27-BC41-9C9CA083AB76}.Debug|Any CPU.Build.0 = Debug|Any CPU
		{05F220AB-C132-4A27-BC41-9C9CA083AB76}.Release|Any CPU.ActiveCfg = Release|Any CPU
		{05F220AB-C132-4A27-BC41-9C9CA083AB76}.Release|Any CPU.Build.0 = Release|Any CPU
	EndGlobalSection
	GlobalSection(SolutionProperties) = preSolution
		HideSolutionNode = FALSE
	EndGlobalSection
	GlobalSection(ExtensibilityGlobals) = postSolution
		SolutionGuid = {124BDB18-8FD7-47F7-BF02-7D41CFD05DFD}
	EndGlobalSection
EndGlobal
